// !$*UTF8*$!
{
	archiveVersion = 1;
	classes = {
	};
	objectVersion = 56;
	objects = {

/* Begin PBXBuildFile section */
		406D78152B8A051A00817603 /* NeuroSoundCard.swift in Sources */ = {isa = PBXBuildFile; fileRef = 406D78142B8A051A00817603 /* NeuroSoundCard.swift */; };
		406D78172B8A0ACA00817603 /* MeditationData.swift in Sources */ = {isa = PBXBuildFile; fileRef = 406D78162B8A0ACA00817603 /* MeditationData.swift */; };
		406D781E2B8A33DF00817603 /* NeuroData.swift in Sources */ = {isa = PBXBuildFile; fileRef = 406D781D2B8A33DF00817603 /* NeuroData.swift */; };
		406D78222B8A38FB00817603 /* MotivationArr.swift in Sources */ = {isa = PBXBuildFile; fileRef = 406D78212B8A38FB00817603 /* MotivationArr.swift */; };
		406EC5282B87474600E876B8 /* ArticleCard.swift in Sources */ = {isa = PBXBuildFile; fileRef = 406EC5272B87474600E876B8 /* ArticleCard.swift */; };
		406EC5302B87C5A400E876B8 /* WidgetKit.framework in Frameworks */ = {isa = PBXBuildFile; fileRef = 406EC52F2B87C5A400E876B8 /* WidgetKit.framework */; };
		406EC5322B87C5A400E876B8 /* SwiftUI.framework in Frameworks */ = {isa = PBXBuildFile; fileRef = 406EC5312B87C5A400E876B8 /* SwiftUI.framework */; };
		406EC5352B87C5A400E876B8 /* MotivationQuotesBundle.swift in Sources */ = {isa = PBXBuildFile; fileRef = 406EC5342B87C5A400E876B8 /* MotivationQuotesBundle.swift */; };
		406EC5372B87C5A400E876B8 /* MotivationQuotesLiveActivity.swift in Sources */ = {isa = PBXBuildFile; fileRef = 406EC5362B87C5A400E876B8 /* MotivationQuotesLiveActivity.swift */; };
		406EC5392B87C5A400E876B8 /* MotivationQuotes.swift in Sources */ = {isa = PBXBuildFile; fileRef = 406EC5382B87C5A400E876B8 /* MotivationQuotes.swift */; };
		406EC53B2B87C5A400E876B8 /* AppIntent.swift in Sources */ = {isa = PBXBuildFile; fileRef = 406EC53A2B87C5A400E876B8 /* AppIntent.swift */; };
		406EC53D2B87C5A600E876B8 /* Assets.xcassets in Resources */ = {isa = PBXBuildFile; fileRef = 406EC53C2B87C5A600E876B8 /* Assets.xcassets */; };
		406EC5412B87C5A600E876B8 /* MotivationQuotesExtension.appex in Embed Foundation Extensions */ = {isa = PBXBuildFile; fileRef = 406EC52D2B87C5A400E876B8 /* MotivationQuotesExtension.appex */; settings = {ATTRIBUTES = (RemoveHeadersOnCopy, ); }; };
		406EC5472B89D34400E876B8 /* InstrumentCard .swift in Sources */ = {isa = PBXBuildFile; fileRef = 406EC5462B89D34400E876B8 /* InstrumentCard .swift */; };
		406EC5492B89D90F00E876B8 /* Data.swift in Sources */ = {isa = PBXBuildFile; fileRef = 406EC5482B89D90F00E876B8 /* Data.swift */; };
		406EC54B2B89E43C00E876B8 /* MusicData.swift in Sources */ = {isa = PBXBuildFile; fileRef = 406EC54A2B89E43C00E876B8 /* MusicData.swift */; };
		406EC54D2B89E4FB00E876B8 /* MusicPlayer.swift in Sources */ = {isa = PBXBuildFile; fileRef = 406EC54C2B89E4FB00E876B8 /* MusicPlayer.swift */; };
		40DE39EE2B8693B400038C68 /* PeaceApp.swift in Sources */ = {isa = PBXBuildFile; fileRef = 40DE39ED2B8693B400038C68 /* PeaceApp.swift */; };
		40DE39F02B8693B400038C68 /* ContentView.swift in Sources */ = {isa = PBXBuildFile; fileRef = 40DE39EF2B8693B400038C68 /* ContentView.swift */; };
		40DE39F22B8693B600038C68 /* Assets.xcassets in Resources */ = {isa = PBXBuildFile; fileRef = 40DE39F12B8693B600038C68 /* Assets.xcassets */; };
		40DE39F52B8693B600038C68 /* Preview Assets.xcassets in Resources */ = {isa = PBXBuildFile; fileRef = 40DE39F42B8693B600038C68 /* Preview Assets.xcassets */; };
		40DE39FC2B86951C00038C68 /* FormatSelectionView.swift in Sources */ = {isa = PBXBuildFile; fileRef = 40DE39FB2B86951C00038C68 /* FormatSelectionView.swift */; };
		40DE39FE2B86982E00038C68 /* AudioMeditation.swift in Sources */ = {isa = PBXBuildFile; fileRef = 40DE39FD2B86982E00038C68 /* AudioMeditation.swift */; };
		40DE3A002B86983F00038C68 /* Article.swift in Sources */ = {isa = PBXBuildFile; fileRef = 40DE39FF2B86983F00038C68 /* Article.swift */; };
		40DE3A022B86985100038C68 /* InstrumentalMusic.swift in Sources */ = {isa = PBXBuildFile; fileRef = 40DE3A012B86985100038C68 /* InstrumentalMusic.swift */; };
		40DE3A042B86986300038C68 /* NeuroSounds.swift in Sources */ = {isa = PBXBuildFile; fileRef = 40DE3A032B86986300038C68 /* NeuroSounds.swift */; };
		40DE3A082B86A47100038C68 /* MedCard.swift in Sources */ = {isa = PBXBuildFile; fileRef = 40DE3A072B86A47100038C68 /* MedCard.swift */; };
/* End PBXBuildFile section */

/* Begin PBXContainerItemProxy section */
		406EC53F2B87C5A600E876B8 /* PBXContainerItemProxy */ = {
			isa = PBXContainerItemProxy;
			containerPortal = 40DE39E22B8693B400038C68 /* Project object */;
			proxyType = 1;
			remoteGlobalIDString = 406EC52C2B87C5A400E876B8;
			remoteInfo = MotivationQuotesExtension;
		};
/* End PBXContainerItemProxy section */

/* Begin PBXCopyFilesBuildPhase section */
		406EC5452B87C5A600E876B8 /* Embed Foundation Extensions */ = {
			isa = PBXCopyFilesBuildPhase;
			buildActionMask = 2147483647;
			dstPath = "";
			dstSubfolderSpec = 13;
			files = (
				406EC5412B87C5A600E876B8 /* MotivationQuotesExtension.appex in Embed Foundation Extensions */,
			);
			name = "Embed Foundation Extensions";
			runOnlyForDeploymentPostprocessing = 0;
		};
/* End PBXCopyFilesBuildPhase section */

/* Begin PBXFileReference section */
		406D78142B8A051A00817603 /* NeuroSoundCard.swift */ = {isa = PBXFileReference; lastKnownFileType = sourcecode.swift; path = NeuroSoundCard.swift; sourceTree = "<group>"; };
		406D78162B8A0ACA00817603 /* MeditationData.swift */ = {isa = PBXFileReference; lastKnownFileType = sourcecode.swift; path = MeditationData.swift; sourceTree = "<group>"; };
		406D781D2B8A33DF00817603 /* NeuroData.swift */ = {isa = PBXFileReference; lastKnownFileType = sourcecode.swift; path = NeuroData.swift; sourceTree = "<group>"; };
		406D78212B8A38FB00817603 /* MotivationArr.swift */ = {isa = PBXFileReference; lastKnownFileType = sourcecode.swift; path = MotivationArr.swift; sourceTree = "<group>"; };
		406EC5272B87474600E876B8 /* ArticleCard.swift */ = {isa = PBXFileReference; lastKnownFileType = sourcecode.swift; path = ArticleCard.swift; sourceTree = "<group>"; };
		406EC52D2B87C5A400E876B8 /* MotivationQuotesExtension.appex */ = {isa = PBXFileReference; explicitFileType = "wrapper.app-extension"; includeInIndex = 0; path = MotivationQuotesExtension.appex; sourceTree = BUILT_PRODUCTS_DIR; };
		406EC52F2B87C5A400E876B8 /* WidgetKit.framework */ = {isa = PBXFileReference; lastKnownFileType = wrapper.framework; name = WidgetKit.framework; path = System/Library/Frameworks/WidgetKit.framework; sourceTree = SDKROOT; };
		406EC5312B87C5A400E876B8 /* SwiftUI.framework */ = {isa = PBXFileReference; lastKnownFileType = wrapper.framework; name = SwiftUI.framework; path = System/Library/Frameworks/SwiftUI.framework; sourceTree = SDKROOT; };
		406EC5342B87C5A400E876B8 /* MotivationQuotesBundle.swift */ = {isa = PBXFileReference; lastKnownFileType = sourcecode.swift; path = MotivationQuotesBundle.swift; sourceTree = "<group>"; };
		406EC5362B87C5A400E876B8 /* MotivationQuotesLiveActivity.swift */ = {isa = PBXFileReference; lastKnownFileType = sourcecode.swift; path = MotivationQuotesLiveActivity.swift; sourceTree = "<group>"; };
		406EC5382B87C5A400E876B8 /* MotivationQuotes.swift */ = {isa = PBXFileReference; lastKnownFileType = sourcecode.swift; path = MotivationQuotes.swift; sourceTree = "<group>"; };
		406EC53A2B87C5A400E876B8 /* AppIntent.swift */ = {isa = PBXFileReference; lastKnownFileType = sourcecode.swift; path = AppIntent.swift; sourceTree = "<group>"; };
		406EC53C2B87C5A600E876B8 /* Assets.xcassets */ = {isa = PBXFileReference; lastKnownFileType = folder.assetcatalog; path = Assets.xcassets; sourceTree = "<group>"; };
		406EC53E2B87C5A600E876B8 /* Info.plist */ = {isa = PBXFileReference; lastKnownFileType = text.plist.xml; path = Info.plist; sourceTree = "<group>"; };
		406EC5462B89D34400E876B8 /* InstrumentCard .swift */ = {isa = PBXFileReference; lastKnownFileType = sourcecode.swift; path = "InstrumentCard .swift"; sourceTree = "<group>"; };
		406EC5482B89D90F00E876B8 /* Data.swift */ = {isa = PBXFileReference; lastKnownFileType = sourcecode.swift; path = Data.swift; sourceTree = "<group>"; };
		406EC54A2B89E43C00E876B8 /* MusicData.swift */ = {isa = PBXFileReference; lastKnownFileType = sourcecode.swift; path = MusicData.swift; sourceTree = "<group>"; };
		406EC54C2B89E4FB00E876B8 /* MusicPlayer.swift */ = {isa = PBXFileReference; lastKnownFileType = sourcecode.swift; path = MusicPlayer.swift; sourceTree = "<group>"; };
		40DE39EA2B8693B400038C68 /* Peace.app */ = {isa = PBXFileReference; explicitFileType = wrapper.application; includeInIndex = 0; path = Peace.app; sourceTree = BUILT_PRODUCTS_DIR; };
		40DE39ED2B8693B400038C68 /* PeaceApp.swift */ = {isa = PBXFileReference; lastKnownFileType = sourcecode.swift; path = PeaceApp.swift; sourceTree = "<group>"; };
		40DE39EF2B8693B400038C68 /* ContentView.swift */ = {isa = PBXFileReference; lastKnownFileType = sourcecode.swift; path = ContentView.swift; sourceTree = "<group>"; };
		40DE39F12B8693B600038C68 /* Assets.xcassets */ = {isa = PBXFileReference; lastKnownFileType = folder.assetcatalog; path = Assets.xcassets; sourceTree = "<group>"; };
		40DE39F42B8693B600038C68 /* Preview Assets.xcassets */ = {isa = PBXFileReference; lastKnownFileType = folder.assetcatalog; path = "Preview Assets.xcassets"; sourceTree = "<group>"; };
		40DE39FB2B86951C00038C68 /* FormatSelectionView.swift */ = {isa = PBXFileReference; lastKnownFileType = sourcecode.swift; path = FormatSelectionView.swift; sourceTree = "<group>"; };
		40DE39FD2B86982E00038C68 /* AudioMeditation.swift */ = {isa = PBXFileReference; lastKnownFileType = sourcecode.swift; path = AudioMeditation.swift; sourceTree = "<group>"; };
		40DE39FF2B86983F00038C68 /* Article.swift */ = {isa = PBXFileReference; lastKnownFileType = sourcecode.swift; path = Article.swift; sourceTree = "<group>"; };
		40DE3A012B86985100038C68 /* InstrumentalMusic.swift */ = {isa = PBXFileReference; lastKnownFileType = sourcecode.swift; path = InstrumentalMusic.swift; sourceTree = "<group>"; };
		40DE3A032B86986300038C68 /* NeuroSounds.swift */ = {isa = PBXFileReference; lastKnownFileType = sourcecode.swift; path = NeuroSounds.swift; sourceTree = "<group>"; };
		40DE3A072B86A47100038C68 /* MedCard.swift */ = {isa = PBXFileReference; lastKnownFileType = sourcecode.swift; path = MedCard.swift; sourceTree = "<group>"; };
/* End PBXFileReference section */

/* Begin PBXFrameworksBuildPhase section */
		406EC52A2B87C5A400E876B8 /* Frameworks */ = {
			isa = PBXFrameworksBuildPhase;
			buildActionMask = 2147483647;
			files = (
				406EC5322B87C5A400E876B8 /* SwiftUI.framework in Frameworks */,
				406EC5302B87C5A400E876B8 /* WidgetKit.framework in Frameworks */,
			);
			runOnlyForDeploymentPostprocessing = 0;
		};
		40DE39E72B8693B400038C68 /* Frameworks */ = {
			isa = PBXFrameworksBuildPhase;
			buildActionMask = 2147483647;
			files = (
			);
			runOnlyForDeploymentPostprocessing = 0;
		};
/* End PBXFrameworksBuildPhase section */

/* Begin PBXGroup section */
		406D78182B8A0DBC00817603 /* Data */ = {
			isa = PBXGroup;
			children = (
				406D78162B8A0ACA00817603 /* MeditationData.swift */,
				406EC5482B89D90F00E876B8 /* Data.swift */,
				406EC54A2B89E43C00E876B8 /* MusicData.swift */,
				406D781D2B8A33DF00817603 /* NeuroData.swift */,
			);
			path = Data;
			sourceTree = "<group>";
		};
		406D78192B8A0DC800817603 /* Views */ = {
			isa = PBXGroup;
			children = (
				40DE39FF2B86983F00038C68 /* Article.swift */,
				40DE39EF2B8693B400038C68 /* ContentView.swift */,
				40DE39FB2B86951C00038C68 /* FormatSelectionView.swift */,
				40DE39FD2B86982E00038C68 /* AudioMeditation.swift */,
				40DE3A012B86985100038C68 /* InstrumentalMusic.swift */,
				40DE3A032B86986300038C68 /* NeuroSounds.swift */,
			);
			path = Views;
			sourceTree = "<group>";
		};
		406D781B2B8A0DDF00817603 /* Manager */ = {
			isa = PBXGroup;
			children = (
				406EC54C2B89E4FB00E876B8 /* MusicPlayer.swift */,
			);
			path = Manager;
			sourceTree = "<group>";
		};
		406D781C2B8A0DF400817603 /* Cards */ = {
			isa = PBXGroup;
			children = (
				40DE3A072B86A47100038C68 /* MedCard.swift */,
				406EC5272B87474600E876B8 /* ArticleCard.swift */,
				406EC5462B89D34400E876B8 /* InstrumentCard .swift */,
				406D78142B8A051A00817603 /* NeuroSoundCard.swift */,
			);
			path = Cards;
			sourceTree = "<group>";
		};
		406EC52E2B87C5A400E876B8 /* Frameworks */ = {
			isa = PBXGroup;
			children = (
				406EC52F2B87C5A400E876B8 /* WidgetKit.framework */,
				406EC5312B87C5A400E876B8 /* SwiftUI.framework */,
			);
			name = Frameworks;
			sourceTree = "<group>";
		};
		406EC5332B87C5A400E876B8 /* MotivationQuotes */ = {
			isa = PBXGroup;
			children = (
				406EC5342B87C5A400E876B8 /* MotivationQuotesBundle.swift */,
				406EC5362B87C5A400E876B8 /* MotivationQuotesLiveActivity.swift */,
				406EC5382B87C5A400E876B8 /* MotivationQuotes.swift */,
				406D78212B8A38FB00817603 /* MotivationArr.swift */,
				406EC53A2B87C5A400E876B8 /* AppIntent.swift */,
				406EC53C2B87C5A600E876B8 /* Assets.xcassets */,
				406EC53E2B87C5A600E876B8 /* Info.plist */,
			);
			path = MotivationQuotes;
			sourceTree = "<group>";
		};
		40DE39E12B8693B400038C68 = {
			isa = PBXGroup;
			children = (
				40DE39EC2B8693B400038C68 /* Peace */,
				406EC5332B87C5A400E876B8 /* MotivationQuotes */,
				406EC52E2B87C5A400E876B8 /* Frameworks */,
				40DE39EB2B8693B400038C68 /* Products */,
			);
			sourceTree = "<group>";
		};
		40DE39EB2B8693B400038C68 /* Products */ = {
			isa = PBXGroup;
			children = (
				40DE39EA2B8693B400038C68 /* Peace.app */,
				406EC52D2B87C5A400E876B8 /* MotivationQuotesExtension.appex */,
			);
			name = Products;
			sourceTree = "<group>";
		};
		40DE39EC2B8693B400038C68 /* Peace */ = {
			isa = PBXGroup;
			children = (
				40DE39ED2B8693B400038C68 /* PeaceApp.swift */,
				406D781C2B8A0DF400817603 /* Cards */,
				406D781B2B8A0DDF00817603 /* Manager */,
				406D78192B8A0DC800817603 /* Views */,
				406D78182B8A0DBC00817603 /* Data */,
				40DE39F12B8693B600038C68 /* Assets.xcassets */,
				40DE39F32B8693B600038C68 /* Preview Content */,
			);
			path = Peace;
			sourceTree = "<group>";
		};
		40DE39F32B8693B600038C68 /* Preview Content */ = {
			isa = PBXGroup;
			children = (
				40DE39F42B8693B600038C68 /* Preview Assets.xcassets */,
			);
			path = "Preview Content";
			sourceTree = "<group>";
		};
/* End PBXGroup section */

/* Begin PBXNativeTarget section */
		406EC52C2B87C5A400E876B8 /* MotivationQuotesExtension */ = {
			isa = PBXNativeTarget;
			buildConfigurationList = 406EC5422B87C5A600E876B8 /* Build configuration list for PBXNativeTarget "MotivationQuotesExtension" */;
			buildPhases = (
				406EC5292B87C5A400E876B8 /* Sources */,
				406EC52A2B87C5A400E876B8 /* Frameworks */,
				406EC52B2B87C5A400E876B8 /* Resources */,
			);
			buildRules = (
			);
			dependencies = (
			);
			name = MotivationQuotesExtension;
			productName = MotivationQuotesExtension;
			productReference = 406EC52D2B87C5A400E876B8 /* MotivationQuotesExtension.appex */;
			productType = "com.apple.product-type.app-extension";
		};
		40DE39E92B8693B400038C68 /* Peace */ = {
			isa = PBXNativeTarget;
			buildConfigurationList = 40DE39F82B8693B600038C68 /* Build configuration list for PBXNativeTarget "Peace" */;
			buildPhases = (
				40DE39E62B8693B400038C68 /* Sources */,
				40DE39E72B8693B400038C68 /* Frameworks */,
				40DE39E82B8693B400038C68 /* Resources */,
				406EC5452B87C5A600E876B8 /* Embed Foundation Extensions */,
			);
			buildRules = (
			);
			dependencies = (
				406EC5402B87C5A600E876B8 /* PBXTargetDependency */,
			);
			name = Peace;
			productName = Peace;
			productReference = 40DE39EA2B8693B400038C68 /* Peace.app */;
			productType = "com.apple.product-type.application";
		};
/* End PBXNativeTarget section */

/* Begin PBXProject section */
		40DE39E22B8693B400038C68 /* Project object */ = {
			isa = PBXProject;
			attributes = {
				BuildIndependentTargetsInParallel = 1;
				LastSwiftUpdateCheck = 1520;
				LastUpgradeCheck = 1520;
				TargetAttributes = {
					406EC52C2B87C5A400E876B8 = {
						CreatedOnToolsVersion = 15.2;
					};
					40DE39E92B8693B400038C68 = {
						CreatedOnToolsVersion = 15.2;
					};
				};
			};
			buildConfigurationList = 40DE39E52B8693B400038C68 /* Build configuration list for PBXProject "Peace" */;
			compatibilityVersion = "Xcode 14.0";
			developmentRegion = en;
			hasScannedForEncodings = 0;
			knownRegions = (
				en,
				Base,
			);
			mainGroup = 40DE39E12B8693B400038C68;
			productRefGroup = 40DE39EB2B8693B400038C68 /* Products */;
			projectDirPath = "";
			projectRoot = "";
			targets = (
				40DE39E92B8693B400038C68 /* Peace */,
				406EC52C2B87C5A400E876B8 /* MotivationQuotesExtension */,
			);
		};
/* End PBXProject section */

/* Begin PBXResourcesBuildPhase section */
		406EC52B2B87C5A400E876B8 /* Resources */ = {
			isa = PBXResourcesBuildPhase;
			buildActionMask = 2147483647;
			files = (
				406EC53D2B87C5A600E876B8 /* Assets.xcassets in Resources */,
			);
			runOnlyForDeploymentPostprocessing = 0;
		};
		40DE39E82B8693B400038C68 /* Resources */ = {
			isa = PBXResourcesBuildPhase;
			buildActionMask = 2147483647;
			files = (
				40DE39F52B8693B600038C68 /* Preview Assets.xcassets in Resources */,
				40DE39F22B8693B600038C68 /* Assets.xcassets in Resources */,
			);
			runOnlyForDeploymentPostprocessing = 0;
		};
/* End PBXResourcesBuildPhase section */

/* Begin PBXSourcesBuildPhase section */
		406EC5292B87C5A400E876B8 /* Sources */ = {
			isa = PBXSourcesBuildPhase;
			buildActionMask = 2147483647;
			files = (
				406EC5352B87C5A400E876B8 /* MotivationQuotesBundle.swift in Sources */,
				406EC53B2B87C5A400E876B8 /* AppIntent.swift in Sources */,
				406EC5392B87C5A400E876B8 /* MotivationQuotes.swift in Sources */,
				406EC5372B87C5A400E876B8 /* MotivationQuotesLiveActivity.swift in Sources */,
			);
			runOnlyForDeploymentPostprocessing = 0;
		};
		40DE39E62B8693B400038C68 /* Sources */ = {
			isa = PBXSourcesBuildPhase;
			buildActionMask = 2147483647;
			files = (
				406EC54D2B89E4FB00E876B8 /* MusicPlayer.swift in Sources */,
				406D78222B8A38FB00817603 /* MotivationArr.swift in Sources */,
				40DE39FE2B86982E00038C68 /* AudioMeditation.swift in Sources */,
				406EC5472B89D34400E876B8 /* InstrumentCard .swift in Sources */,
				406D78152B8A051A00817603 /* NeuroSoundCard.swift in Sources */,
				406D78172B8A0ACA00817603 /* MeditationData.swift in Sources */,
				40DE39FC2B86951C00038C68 /* FormatSelectionView.swift in Sources */,
				40DE39F02B8693B400038C68 /* ContentView.swift in Sources */,
				406EC5492B89D90F00E876B8 /* Data.swift in Sources */,
				40DE39EE2B8693B400038C68 /* PeaceApp.swift in Sources */,
				406EC5282B87474600E876B8 /* ArticleCard.swift in Sources */,
				40DE3A002B86983F00038C68 /* Article.swift in Sources */,
				40DE3A042B86986300038C68 /* NeuroSounds.swift in Sources */,
				406EC54B2B89E43C00E876B8 /* MusicData.swift in Sources */,
				406D781E2B8A33DF00817603 /* NeuroData.swift in Sources */,
				40DE3A022B86985100038C68 /* InstrumentalMusic.swift in Sources */,
				40DE3A082B86A47100038C68 /* MedCard.swift in Sources */,
			);
			runOnlyForDeploymentPostprocessing = 0;
		};
/* End PBXSourcesBuildPhase section */

/* Begin PBXTargetDependency section */
		406EC5402B87C5A600E876B8 /* PBXTargetDependency */ = {
			isa = PBXTargetDependency;
			target = 406EC52C2B87C5A400E876B8 /* MotivationQuotesExtension */;
			targetProxy = 406EC53F2B87C5A600E876B8 /* PBXContainerItemProxy */;
		};
/* End PBXTargetDependency section */

/* Begin XCBuildConfiguration section */
		406EC5432B87C5A600E876B8 /* Debug */ = {
			isa = XCBuildConfiguration;
			buildSettings = {
				ASSETCATALOG_COMPILER_GLOBAL_ACCENT_COLOR_NAME = AccentColor;
				ASSETCATALOG_COMPILER_WIDGET_BACKGROUND_COLOR_NAME = WidgetBackground;
				CODE_SIGN_STYLE = Automatic;
				CURRENT_PROJECT_VERSION = 1;
				DEVELOPMENT_TEAM = D5M38GX662;
				GENERATE_INFOPLIST_FILE = YES;
				INFOPLIST_FILE = MotivationQuotes/Info.plist;
				INFOPLIST_KEY_CFBundleDisplayName = MotivationQuotes;
				INFOPLIST_KEY_NSHumanReadableCopyright = "";
				LD_RUNPATH_SEARCH_PATHS = (
					"$(inherited)",
					"@executable_path/Frameworks",
					"@executable_path/../../Frameworks",
				);
				MARKETING_VERSION = 1.0;
				PRODUCT_BUNDLE_IDENTIFIER = com.pravalgautam.Peace.MotivationQuotes;
				PRODUCT_NAME = "$(TARGET_NAME)";
				SKIP_INSTALL = YES;
				SWIFT_EMIT_LOC_STRINGS = YES;
				SWIFT_VERSION = 5.0;
				TARGETED_DEVICE_FAMILY = "1,2";
			};
			name = Debug;
		};
		406EC5442B87C5A600E876B8 /* Release */ = {
			isa = XCBuildConfiguration;
			buildSettings = {
				ASSETCATALOG_COMPILER_GLOBAL_ACCENT_COLOR_NAME = AccentColor;
				ASSETCATALOG_COMPILER_WIDGET_BACKGROUND_COLOR_NAME = WidgetBackground;
				CODE_SIGN_STYLE = Automatic;
				CURRENT_PROJECT_VERSION = 1;
				DEVELOPMENT_TEAM = D5M38GX662;
				GENERATE_INFOPLIST_FILE = YES;
				INFOPLIST_FILE = MotivationQuotes/Info.plist;
				INFOPLIST_KEY_CFBundleDisplayName = MotivationQuotes;
				INFOPLIST_KEY_NSHumanReadableCopyright = "";
				LD_RUNPATH_SEARCH_PATHS = (
					"$(inherited)",
					"@executable_path/Frameworks",
					"@executable_path/../../Frameworks",
				);
				MARKETING_VERSION = 1.0;
				PRODUCT_BUNDLE_IDENTIFIER = com.pravalgautam.Peace.MotivationQuotes;
				PRODUCT_NAME = "$(TARGET_NAME)";
				SKIP_INSTALL = YES;
				SWIFT_EMIT_LOC_STRINGS = YES;
				SWIFT_VERSION = 5.0;
				TARGETED_DEVICE_FAMILY = "1,2";
			};
			name = Release;
		};
		40DE39F62B8693B600038C68 /* Debug */ = {
			isa = XCBuildConfiguration;
			buildSettings = {
				ALWAYS_SEARCH_USER_PATHS = NO;
				ASSETCATALOG_COMPILER_GENERATE_SWIFT_ASSET_SYMBOL_EXTENSIONS = YES;
				CLANG_ANALYZER_NONNULL = YES;
				CLANG_ANALYZER_NUMBER_OBJECT_CONVERSION = YES_AGGRESSIVE;
				CLANG_CXX_LANGUAGE_STANDARD = "gnu++20";
				CLANG_ENABLE_MODULES = YES;
				CLANG_ENABLE_OBJC_ARC = YES;
				CLANG_ENABLE_OBJC_WEAK = YES;
				CLANG_WARN_BLOCK_CAPTURE_AUTORELEASING = YES;
				CLANG_WARN_BOOL_CONVERSION = YES;
				CLANG_WARN_COMMA = YES;
				CLANG_WARN_CONSTANT_CONVERSION = YES;
				CLANG_WARN_DEPRECATED_OBJC_IMPLEMENTATIONS = YES;
				CLANG_WARN_DIRECT_OBJC_ISA_USAGE = YES_ERROR;
				CLANG_WARN_DOCUMENTATION_COMMENTS = YES;
				CLANG_WARN_EMPTY_BODY = YES;
				CLANG_WARN_ENUM_CONVERSION = YES;
				CLANG_WARN_INFINITE_RECURSION = YES;
				CLANG_WARN_INT_CONVERSION = YES;
				CLANG_WARN_NON_LITERAL_NULL_CONVERSION = YES;
				CLANG_WARN_OBJC_IMPLICIT_RETAIN_SELF = YES;
				CLANG_WARN_OBJC_LITERAL_CONVERSION = YES;
				CLANG_WARN_OBJC_ROOT_CLASS = YES_ERROR;
				CLANG_WARN_QUOTED_INCLUDE_IN_FRAMEWORK_HEADER = YES;
				CLANG_WARN_RANGE_LOOP_ANALYSIS = YES;
				CLANG_WARN_STRICT_PROTOTYPES = YES;
				CLANG_WARN_SUSPICIOUS_MOVE = YES;
				CLANG_WARN_UNGUARDED_AVAILABILITY = YES_AGGRESSIVE;
				CLANG_WARN_UNREACHABLE_CODE = YES;
				CLANG_WARN__DUPLICATE_METHOD_MATCH = YES;
				COPY_PHASE_STRIP = NO;
				DEBUG_INFORMATION_FORMAT = dwarf;
				ENABLE_STRICT_OBJC_MSGSEND = YES;
				ENABLE_TESTABILITY = YES;
				ENABLE_USER_SCRIPT_SANDBOXING = YES;
				GCC_C_LANGUAGE_STANDARD = gnu17;
				GCC_DYNAMIC_NO_PIC = NO;
				GCC_NO_COMMON_BLOCKS = YES;
				GCC_OPTIMIZATION_LEVEL = 0;
				GCC_PREPROCESSOR_DEFINITIONS = (
					"DEBUG=1",
					"$(inherited)",
				);
				GCC_WARN_64_TO_32_BIT_CONVERSION = YES;
				GCC_WARN_ABOUT_RETURN_TYPE = YES_ERROR;
				GCC_WARN_UNDECLARED_SELECTOR = YES;
				GCC_WARN_UNINITIALIZED_AUTOS = YES_AGGRESSIVE;
				GCC_WARN_UNUSED_FUNCTION = YES;
				GCC_WARN_UNUSED_VARIABLE = YES;
				IPHONEOS_DEPLOYMENT_TARGET = 17.2;
				LOCALIZATION_PREFERS_STRING_CATALOGS = YES;
				MTL_ENABLE_DEBUG_INFO = INCLUDE_SOURCE;
				MTL_FAST_MATH = YES;
				ONLY_ACTIVE_ARCH = YES;
				SDKROOT = iphoneos;
				SWIFT_ACTIVE_COMPILATION_CONDITIONS = "DEBUG $(inherited)";
				SWIFT_OPTIMIZATION_LEVEL = "-Onone";
			};
			name = Debug;
		};
		40DE39F72B8693B600038C68 /* Release */ = {
			isa = XCBuildConfiguration;
			buildSettings = {
				ALWAYS_SEARCH_USER_PATHS = NO;
				ASSETCATALOG_COMPILER_GENERATE_SWIFT_ASSET_SYMBOL_EXTENSIONS = YES;
				CLANG_ANALYZER_NONNULL = YES;
				CLANG_ANALYZER_NUMBER_OBJECT_CONVERSION = YES_AGGRESSIVE;
				CLANG_CXX_LANGUAGE_STANDARD = "gnu++20";
				CLANG_ENABLE_MODULES = YES;
				CLANG_ENABLE_OBJC_ARC = YES;
				CLANG_ENABLE_OBJC_WEAK = YES;
				CLANG_WARN_BLOCK_CAPTURE_AUTORELEASING = YES;
				CLANG_WARN_BOOL_CONVERSION = YES;
				CLANG_WARN_COMMA = YES;
				CLANG_WARN_CONSTANT_CONVERSION = YES;
				CLANG_WARN_DEPRECATED_OBJC_IMPLEMENTATIONS = YES;
				CLANG_WARN_DIRECT_OBJC_ISA_USAGE = YES_ERROR;
				CLANG_WARN_DOCUMENTATION_COMMENTS = YES;
				CLANG_WARN_EMPTY_BODY = YES;
				CLANG_WARN_ENUM_CONVERSION = YES;
				CLANG_WARN_INFINITE_RECURSION = YES;
				CLANG_WARN_INT_CONVERSION = YES;
				CLANG_WARN_NON_LITERAL_NULL_CONVERSION = YES;
				CLANG_WARN_OBJC_IMPLICIT_RETAIN_SELF = YES;
				CLANG_WARN_OBJC_LITERAL_CONVERSION = YES;
				CLANG_WARN_OBJC_ROOT_CLASS = YES_ERROR;
				CLANG_WARN_QUOTED_INCLUDE_IN_FRAMEWORK_HEADER = YES;
				CLANG_WARN_RANGE_LOOP_ANALYSIS = YES;
				CLANG_WARN_STRICT_PROTOTYPES = YES;
				CLANG_WARN_SUSPICIOUS_MOVE = YES;
				CLANG_WARN_UNGUARDED_AVAILABILITY = YES_AGGRESSIVE;
				CLANG_WARN_UNREACHABLE_CODE = YES;
				CLANG_WARN__DUPLICATE_METHOD_MATCH = YES;
				COPY_PHASE_STRIP = NO;
				DEBUG_INFORMATION_FORMAT = "dwarf-with-dsym";
				ENABLE_NS_ASSERTIONS = NO;
				ENABLE_STRICT_OBJC_MSGSEND = YES;
				ENABLE_USER_SCRIPT_SANDBOXING = YES;
				GCC_C_LANGUAGE_STANDARD = gnu17;
				GCC_NO_COMMON_BLOCKS = YES;
				GCC_WARN_64_TO_32_BIT_CONVERSION = YES;
				GCC_WARN_ABOUT_RETURN_TYPE = YES_ERROR;
				GCC_WARN_UNDECLARED_SELECTOR = YES;
				GCC_WARN_UNINITIALIZED_AUTOS = YES_AGGRESSIVE;
				GCC_WARN_UNUSED_FUNCTION = YES;
				GCC_WARN_UNUSED_VARIABLE = YES;
				IPHONEOS_DEPLOYMENT_TARGET = 17.2;
				LOCALIZATION_PREFERS_STRING_CATALOGS = YES;
				MTL_ENABLE_DEBUG_INFO = NO;
				MTL_FAST_MATH = YES;
				SDKROOT = iphoneos;
				SWIFT_COMPILATION_MODE = wholemodule;
				VALIDATE_PRODUCT = YES;
			};
			name = Release;
		};
		40DE39F92B8693B600038C68 /* Debug */ = {
			isa = XCBuildConfiguration;
			buildSettings = {
				ALWAYS_EMBED_SWIFT_STANDARD_LIBRARIES = YES;
				ASSETCATALOG_COMPILER_APPICON_NAME = AppIcon;
				ASSETCATALOG_COMPILER_GLOBAL_ACCENT_COLOR_NAME = AccentColor;
				CODE_SIGN_STYLE = Automatic;
				CURRENT_PROJECT_VERSION = 1;
				DEVELOPMENT_ASSET_PATHS = "\"Peace/Preview Content\"";
				DEVELOPMENT_TEAM = D5M38GX662;
				ENABLE_PREVIEWS = YES;
				GENERATE_INFOPLIST_FILE = YES;
				INFOPLIST_KEY_UIApplicationSceneManifest_Generation = YES;
				INFOPLIST_KEY_UIApplicationSupportsIndirectInputEvents = YES;
				INFOPLIST_KEY_UILaunchScreen_Generation = YES;
				INFOPLIST_KEY_UISupportedInterfaceOrientations_iPad = "UIInterfaceOrientationPortrait UIInterfaceOrientationPortraitUpsideDown UIInterfaceOrientationLandscapeLeft UIInterfaceOrientationLandscapeRight";
				INFOPLIST_KEY_UISupportedInterfaceOrientations_iPhone = "UIInterfaceOrientationPortrait UIInterfaceOrientationLandscapeLeft UIInterfaceOrientationLandscapeRight";
				LD_RUNPATH_SEARCH_PATHS = (
					"$(inherited)",
					"@executable_path/Frameworks",
				);
				MARKETING_VERSION = 1.0;
				PRODUCT_BUNDLE_IDENTIFIER = com.pravalgautam.Peace;
				PRODUCT_NAME = "$(TARGET_NAME)";
				SWIFT_EMIT_LOC_STRINGS = YES;
				SWIFT_VERSION = 5.0;
				TARGETED_DEVICE_FAMILY = "1,2";
			};
			name = Debug;
		};
		40DE39FA2B8693B600038C68 /* Release */ = {
			isa = XCBuildConfiguration;
			buildSettings = {
				ALWAYS_EMBED_SWIFT_STANDARD_LIBRARIES = YES;
				ASSETCATALOG_COMPILER_APPICON_NAME = AppIcon;
				ASSETCATALOG_COMPILER_GLOBAL_ACCENT_COLOR_NAME = AccentColor;
				CODE_SIGN_STYLE = Automatic;
				CURRENT_PROJECT_VERSION = 1;
				DEVELOPMENT_ASSET_PATHS = "\"Peace/Preview Content\"";
				DEVELOPMENT_TEAM = D5M38GX662;
				ENABLE_PREVIEWS = YES;
				GENERATE_INFOPLIST_FILE = YES;
				INFOPLIST_KEY_UIApplicationSceneManifest_Generation = YES;
				INFOPLIST_KEY_UIApplicationSupportsIndirectInputEvents = YES;
				INFOPLIST_KEY_UILaunchScreen_Generation = YES;
				INFOPLIST_KEY_UISupportedInterfaceOrientations_iPad = "UIInterfaceOrientationPortrait UIInterfaceOrientationPortraitUpsideDown UIInterfaceOrientationLandscapeLeft UIInterfaceOrientationLandscapeRight";
				INFOPLIST_KEY_UISupportedInterfaceOrientations_iPhone = "UIInterfaceOrientationPortrait UIInterfaceOrientationLandscapeLeft UIInterfaceOrientationLandscapeRight";
				LD_RUNPATH_SEARCH_PATHS = (
					"$(inherited)",
					"@executable_path/Frameworks",
				);
				MARKETING_VERSION = 1.0;
				PRODUCT_BUNDLE_IDENTIFIER = com.pravalgautam.Peace;
				PRODUCT_NAME = "$(TARGET_NAME)";
				SWIFT_EMIT_LOC_STRINGS = YES;
				SWIFT_VERSION = 5.0;
				TARGETED_DEVICE_FAMILY = "1,2";
			};
			name = Release;
		};
/* End XCBuildConfiguration section */

/* Begin XCConfigurationList section */
		406EC5422B87C5A600E876B8 /* Build configuration list for PBXNativeTarget "MotivationQuotesExtension" */ = {
			isa = XCConfigurationList;
			buildConfigurations = (
				406EC5432B87C5A600E876B8 /* Debug */,
				406EC5442B87C5A600E876B8 /* Release */,
			);
			defaultConfigurationIsVisible = 0;
			defaultConfigurationName = Release;
		};
		40DE39E52B8693B400038C68 /* Build configuration list for PBXProject "Peace" */ = {
			isa = XCConfigurationList;
			buildConfigurations = (
				40DE39F62B8693B600038C68 /* Debug */,
				40DE39F72B8693B600038C68 /* Release */,
			);
			defaultConfigurationIsVisible = 0;
			defaultConfigurationName = Release;
		};
		40DE39F82B8693B600038C68 /* Build configuration list for PBXNativeTarget "Peace" */ = {
			isa = XCConfigurationList;
			buildConfigurations = (
				40DE39F92B8693B600038C68 /* Debug */,
				40DE39FA2B8693B600038C68 /* Release */,
			);
			defaultConfigurationIsVisible = 0;
			defaultConfigurationName = Release;
		};
/* End XCConfigurationList section */
	};
	rootObject = 40DE39E22B8693B400038C68 /* Project object */;
}
